
Microsoft Visual Studio Solution File, Format Version 12.00
# Visual Studio Version 16
VisualStudioVersion = 16.0.29926.136
MinimumVisualStudioVersion = 10.0.40219.1
Project("{888888A0-9F3D-457C-B088-3A5042F75D52}") = "Quest 7", "Quest 7\Quest 7.pyproj", "{B66ECEAC-D30E-4AF2-A500-BCB36437654E}"
EndProject
Project("{888888A0-9F3D-457C-B088-3A5042F75D52}") = "Quest 8", "Quest 8\Quest 8.pyproj", "{C79BE276-A896-4BBB-850A-C693C46C8F27}"
EndProject
Global
	GlobalSection(SolutionConfigurationPlatforms) = preSolution
		Debug|Any CPU = Debug|Any CPU
		Release|Any CPU = Release|Any CPU
	EndGlobalSection
	GlobalSection(ProjectConfigurationPlatforms) = postSolution
		{B66ECEAC-D30E-4AF2-A500-BCB36437654E}.Debug|Any CPU.ActiveCfg = Debug|Any CPU
		{B66ECEAC-D30E-4AF2-A500-BCB36437654E}.Release|Any CPU.ActiveCfg = Release|Any CPU
		{C79BE276-A896-4BBB-850A-C693C46C8F27}.Debug|Any CPU.ActiveCfg = Debug|Any CPU
		{C79BE276-A896-4BBB-850A-C693C46C8F27}.Release|Any CPU.ActiveCfg = Release|Any CPU
	EndGlobalSection
	GlobalSection(SolutionProperties) = preSolution
		HideSolutionNode = FALSE
	EndGlobalSection
	GlobalSection(ExtensibilityGlobals) = postSolution
		SolutionGuid = {BABF0027-3393-4D24-B433-EB7510FEF2FE}
	EndGlobalSection
EndGlobal
